
 
$ gem install bundler
 souree"https://rubygems.org"
 gem 'sinatra' , '1.0'
$ bundle install -j4
 gem"pg", :group => :production
 gem"sqlite3-ruby",:group => :development
$ bundle install

-----> Heroku receiving push
-----> Sinatra app detected
-----> Gemfile detected, running Bundler version 1.5.2
       Unresolved dependencies detected; Installing...
       Using rack (1.2.1)
       Using sinatra (1.0)
       Using bundler (1.0.0)
       Your bundle is complete! Use `bundle show [gemname]` to see where a bundled gem is installed.

       Your bundle was installed to `.bundle/gems`
       Compiled slug size is 10.7MB
-----> Launching.... done
